
Microsoft Visual Studio Solution File, Format Version 12.00
# Visual Studio Version 17
VisualStudioVersion = 17.8.34322.80
MinimumVisualStudioVersion = 10.0.40219.1
Project("{9A19103F-16F7-4668-BE54-9A1E7A4F7556}") = "DXMauiApp", "DXMauiApp\DXMauiApp.csproj", "{CD40B5B6-1AFD-4FEF-91F7-9135108942C2}"
EndProject
Project("{9A19103F-16F7-4668-BE54-9A1E7A4F7556}") = "WebAPI", "..\maui-role-based-data-access\CS\WebApi\WebAPI.csproj", "{E0E6381A-02DB-4D25-A1B8-A275A243472E}"
EndProject
Global
	GlobalSection(SolutionConfigurationPlatforms) = preSolution
		Debug|Any CPU = Debug|Any CPU
		EasyTest|Any CPU = EasyTest|Any CPU
		Release|Any CPU = Release|Any CPU
	EndGlobalSection
	GlobalSection(ProjectConfigurationPlatforms) = postSolution
		{CD40B5B6-1AFD-4FEF-91F7-9135108942C2}.Debug|Any CPU.ActiveCfg = Debug|Any CPU
		{CD40B5B6-1AFD-4FEF-91F7-9135108942C2}.Debug|Any CPU.Build.0 = Debug|Any CPU
		{CD40B5B6-1AFD-4FEF-91F7-9135108942C2}.Debug|Any CPU.Deploy.0 = Debug|Any CPU
		{CD40B5B6-1AFD-4FEF-91F7-9135108942C2}.EasyTest|Any CPU.ActiveCfg = Release|Any CPU
		{CD40B5B6-1AFD-4FEF-91F7-9135108942C2}.EasyTest|Any CPU.Build.0 = Release|Any CPU
		{CD40B5B6-1AFD-4FEF-91F7-9135108942C2}.EasyTest|Any CPU.Deploy.0 = Release|Any CPU
		{CD40B5B6-1AFD-4FEF-91F7-9135108942C2}.Release|Any CPU.ActiveCfg = Release|Any CPU
		{CD40B5B6-1AFD-4FEF-91F7-9135108942C2}.Release|Any CPU.Build.0 = Release|Any CPU
		{CD40B5B6-1AFD-4FEF-91F7-9135108942C2}.Release|Any CPU.Deploy.0 = Release|Any CPU
		{E0E6381A-02DB-4D25-A1B8-A275A243472E}.Debug|Any CPU.ActiveCfg = Debug|Any CPU
		{E0E6381A-02DB-4D25-A1B8-A275A243472E}.Debug|Any CPU.Build.0 = Debug|Any CPU
		{E0E6381A-02DB-4D25-A1B8-A275A243472E}.EasyTest|Any CPU.ActiveCfg = EasyTest|Any CPU
		{E0E6381A-02DB-4D25-A1B8-A275A243472E}.EasyTest|Any CPU.Build.0 = EasyTest|Any CPU
		{E0E6381A-02DB-4D25-A1B8-A275A243472E}.Release|Any CPU.ActiveCfg = Release|Any CPU
		{E0E6381A-02DB-4D25-A1B8-A275A243472E}.Release|Any CPU.Build.0 = Release|Any CPU
	EndGlobalSection
	GlobalSection(SolutionProperties) = preSolution
		HideSolutionNode = FALSE
	EndGlobalSection
	GlobalSection(ExtensibilityGlobals) = postSolution
		SolutionGuid = {22CBD4A6-7CC7-4173-A875-010EA15642C7}
	EndGlobalSection
EndGlobal
